PODS:
  - HaidoraStatusProvider/Core (0.1.1)
  - HaidoraStatusProvider/MBProgressHUD (0.1.1):
    - HaidoraStatusProvider/Core
    - MBProgressHUD (~> 1.0.0)
  - MBProgressHUD (1.0.0)

DEPENDENCIES:
  - HaidoraStatusProvider/MBProgressHUD (from `../`)

EXTERNAL SOURCES:
  HaidoraStatusProvider:
    :path: ../

SPEC CHECKSUMS:
  HaidoraStatusProvider: ba73803850f09d0ba62f69df9c8ca387b26edfee
  MBProgressHUD: 4890f671c94e8a0f3cf959aa731e9de2f036d71a

COCOAPODS: 0.39.0
