// !$*UTF8*$!
{
	archiveVersion = 1;
	classes = {
	};
	objectVersion = 46;
	objects = {

/* Begin PBXBuildFile section */
		AB27A2DE1D8298E4003D14B7 /* AppDelegate.swift in Sources */ = {isa = PBXBuildFile; fileRef = AB27A2DD1D8298E4003D14B7 /* AppDelegate.swift */; };
		AB27A2E01D8298E4003D14B7 /* ViewController.swift in Sources */ = {isa = PBXBuildFile; fileRef = AB27A2DF1D8298E4003D14B7 /* ViewController.swift */; };
		AB27A2E31D8298E4003D14B7 /* Main.storyboard in Resources */ = {isa = PBXBuildFile; fileRef = AB27A2E11D8298E4003D14B7 /* Main.storyboard */; };
		AB27A2E51D8298E4003D14B7 /* Assets.xcassets in Resources */ = {isa = PBXBuildFile; fileRef = AB27A2E41D8298E4003D14B7 /* Assets.xcassets */; };
		AB27A2E81D8298E4003D14B7 /* LaunchScreen.storyboard in Resources */ = {isa = PBXBuildFile; fileRef = AB27A2E61D8298E4003D14B7 /* LaunchScreen.storyboard */; };
		AB27A2FA1D8299C8003D14B7 /* HaidoraStatusProvider.h in Headers */ = {isa = PBXBuildFile; fileRef = AB27A2F91D8299C8003D14B7 /* HaidoraStatusProvider.h */; settings = {ATTRIBUTES = (Public, ); }; };
		AB27A2FE1D8299C8003D14B7 /* HaidoraStatusProvider.framework in Frameworks */ = {isa = PBXBuildFile; fileRef = AB27A2F71D8299C8003D14B7 /* HaidoraStatusProvider.framework */; };
		AB27A2FF1D8299C8003D14B7 /* HaidoraStatusProvider.framework in Embed Frameworks */ = {isa = PBXBuildFile; fileRef = AB27A2F71D8299C8003D14B7 /* HaidoraStatusProvider.framework */; settings = {ATTRIBUTES = (CodeSignOnCopy, RemoveHeadersOnCopy, ); }; };
		AB27A3041D8299E7003D14B7 /* HaidoraStatusProvider.swift in Sources */ = {isa = PBXBuildFile; fileRef = AB27A2F01D82994B003D14B7 /* HaidoraStatusProvider.swift */; };
		AB27A3081D82A2A4003D14B7 /* HaidoraStatusProvider.podspec in Resources */ = {isa = PBXBuildFile; fileRef = AB27A3061D82A2A4003D14B7 /* HaidoraStatusProvider.podspec */; };
		AB27A3091D82A2A4003D14B7 /* LICENSE in Resources */ = {isa = PBXBuildFile; fileRef = AB27A3071D82A2A4003D14B7 /* LICENSE */; };
		AB27A30B1D82A375003D14B7 /* README.md in Sources */ = {isa = PBXBuildFile; fileRef = AB27A30A1D82A375003D14B7 /* README.md */; };
/* End PBXBuildFile section */

/* Begin PBXContainerItemProxy section */
		AB27A2FC1D8299C8003D14B7 /* PBXContainerItemProxy */ = {
			isa = PBXContainerItemProxy;
			containerPortal = AB27A2D21D8298E4003D14B7 /* Project object */;
			proxyType = 1;
			remoteGlobalIDString = AB27A2F61D8299C8003D14B7;
			remoteInfo = HaidoraStatusProvider;
		};
/* End PBXContainerItemProxy section */

/* Begin PBXCopyFilesBuildPhase section */
		AB27A3031D8299C8003D14B7 /* Embed Frameworks */ = {
			isa = PBXCopyFilesBuildPhase;
			buildActionMask = 2147483647;
			dstPath = "";
			dstSubfolderSpec = 10;
			files = (
				AB27A2FF1D8299C8003D14B7 /* HaidoraStatusProvider.framework in Embed Frameworks */,
			);
			name = "Embed Frameworks";
			runOnlyForDeploymentPostprocessing = 0;
		};
/* End PBXCopyFilesBuildPhase section */

/* Begin PBXFileReference section */
		AB27A2DA1D8298E4003D14B7 /* HaidoraStatusProviderDemo.app */ = {isa = PBXFileReference; explicitFileType = wrapper.application; includeInIndex = 0; path = HaidoraStatusProviderDemo.app; sourceTree = BUILT_PRODUCTS_DIR; };
		AB27A2DD1D8298E4003D14B7 /* AppDelegate.swift */ = {isa = PBXFileReference; lastKnownFileType = sourcecode.swift; path = AppDelegate.swift; sourceTree = "<group>"; };
		AB27A2DF1D8298E4003D14B7 /* ViewController.swift */ = {isa = PBXFileReference; lastKnownFileType = sourcecode.swift; path = ViewController.swift; sourceTree = "<group>"; };
		AB27A2E21D8298E4003D14B7 /* Base */ = {isa = PBXFileReference; lastKnownFileType = file.storyboard; name = Base; path = Base.lproj/Main.storyboard; sourceTree = "<group>"; };
		AB27A2E41D8298E4003D14B7 /* Assets.xcassets */ = {isa = PBXFileReference; lastKnownFileType = folder.assetcatalog; path = Assets.xcassets; sourceTree = "<group>"; };
		AB27A2E71D8298E4003D14B7 /* Base */ = {isa = PBXFileReference; lastKnownFileType = file.storyboard; name = Base; path = Base.lproj/LaunchScreen.storyboard; sourceTree = "<group>"; };
		AB27A2E91D8298E4003D14B7 /* Info.plist */ = {isa = PBXFileReference; lastKnownFileType = text.plist.xml; path = Info.plist; sourceTree = "<group>"; };
		AB27A2F01D82994B003D14B7 /* HaidoraStatusProvider.swift */ = {isa = PBXFileReference; fileEncoding = 4; lastKnownFileType = sourcecode.swift; path = HaidoraStatusProvider.swift; sourceTree = "<group>"; };
		AB27A2F71D8299C8003D14B7 /* HaidoraStatusProvider.framework */ = {isa = PBXFileReference; explicitFileType = wrapper.framework; includeInIndex = 0; path = HaidoraStatusProvider.framework; sourceTree = BUILT_PRODUCTS_DIR; };
		AB27A2F91D8299C8003D14B7 /* HaidoraStatusProvider.h */ = {isa = PBXFileReference; lastKnownFileType = sourcecode.c.h; path = HaidoraStatusProvider.h; sourceTree = "<group>"; };
		AB27A2FB1D8299C8003D14B7 /* Info.plist */ = {isa = PBXFileReference; lastKnownFileType = text.plist.xml; path = Info.plist; sourceTree = "<group>"; };
		AB27A3061D82A2A4003D14B7 /* HaidoraStatusProvider.podspec */ = {isa = PBXFileReference; fileEncoding = 4; lastKnownFileType = text; name = HaidoraStatusProvider.podspec; path = ../HaidoraStatusProvider.podspec; sourceTree = "<group>"; xcLanguageSpecificationIdentifier = xcode.lang.ruby; };
		AB27A3071D82A2A4003D14B7 /* LICENSE */ = {isa = PBXFileReference; fileEncoding = 4; lastKnownFileType = text; name = LICENSE; path = ../LICENSE; sourceTree = "<group>"; };
		AB27A30A1D82A375003D14B7 /* README.md */ = {isa = PBXFileReference; fileEncoding = 4; lastKnownFileType = net.daringfireball.markdown; name = README.md; path = ../README.md; sourceTree = "<group>"; };
/* End PBXFileReference section */

/* Begin PBXFrameworksBuildPhase section */
		AB27A2D71D8298E4003D14B7 /* Frameworks */ = {
			isa = PBXFrameworksBuildPhase;
			buildActionMask = 2147483647;
			files = (
				AB27A2FE1D8299C8003D14B7 /* HaidoraStatusProvider.framework in Frameworks */,
			);
			runOnlyForDeploymentPostprocessing = 0;
		};
		AB27A2F31D8299C8003D14B7 /* Frameworks */ = {
			isa = PBXFrameworksBuildPhase;
			buildActionMask = 2147483647;
			files = (
			);
			runOnlyForDeploymentPostprocessing = 0;
		};
/* End PBXFrameworksBuildPhase section */

/* Begin PBXGroup section */
		AB27A2D11D8298E4003D14B7 = {
			isa = PBXGroup;
			children = (
				AB27A3051D82A296003D14B7 /* Podspec Metadata */,
				AB27A2EF1D829928003D14B7 /* HaidoraStatusProvider */,
				AB27A2DC1D8298E4003D14B7 /* HaidoraStatusProviderDemo */,
				AB27A2F81D8299C8003D14B7 /* HaidoraStatusProvider */,
				AB27A2DB1D8298E4003D14B7 /* Products */,
			);
			sourceTree = "<group>";
		};
		AB27A2DB1D8298E4003D14B7 /* Products */ = {
			isa = PBXGroup;
			children = (
				AB27A2DA1D8298E4003D14B7 /* HaidoraStatusProviderDemo.app */,
				AB27A2F71D8299C8003D14B7 /* HaidoraStatusProvider.framework */,
			);
			name = Products;
			sourceTree = "<group>";
		};
		AB27A2DC1D8298E4003D14B7 /* HaidoraStatusProviderDemo */ = {
			isa = PBXGroup;
			children = (
				AB27A2DD1D8298E4003D14B7 /* AppDelegate.swift */,
				AB27A2DF1D8298E4003D14B7 /* ViewController.swift */,
				AB27A2E11D8298E4003D14B7 /* Main.storyboard */,
				AB27A2E41D8298E4003D14B7 /* Assets.xcassets */,
				AB27A2E61D8298E4003D14B7 /* LaunchScreen.storyboard */,
				AB27A2E91D8298E4003D14B7 /* Info.plist */,
			);
			path = HaidoraStatusProviderDemo;
			sourceTree = "<group>";
		};
		AB27A2EF1D829928003D14B7 /* HaidoraStatusProvider */ = {
			isa = PBXGroup;
			children = (
				AB27A2F01D82994B003D14B7 /* HaidoraStatusProvider.swift */,
			);
			name = HaidoraStatusProvider;
			path = ../HaidoraStatusProvider;
			sourceTree = "<group>";
		};
		AB27A2F81D8299C8003D14B7 /* HaidoraStatusProvider */ = {
			isa = PBXGroup;
			children = (
				AB27A2F91D8299C8003D14B7 /* HaidoraStatusProvider.h */,
				AB27A2FB1D8299C8003D14B7 /* Info.plist */,
			);
			path = HaidoraStatusProvider;
			sourceTree = "<group>";
		};
		AB27A3051D82A296003D14B7 /* Podspec Metadata */ = {
			isa = PBXGroup;
			children = (
				AB27A3061D82A2A4003D14B7 /* HaidoraStatusProvider.podspec */,
				AB27A3071D82A2A4003D14B7 /* LICENSE */,
				AB27A30A1D82A375003D14B7 /* README.md */,
			);
			name = "Podspec Metadata";
			sourceTree = "<group>";
		};
/* End PBXGroup section */

/* Begin PBXHeadersBuildPhase section */
		AB27A2F41D8299C8003D14B7 /* Headers */ = {
			isa = PBXHeadersBuildPhase;
			buildActionMask = 2147483647;
			files = (
				AB27A2FA1D8299C8003D14B7 /* HaidoraStatusProvider.h in Headers */,
			);
			runOnlyForDeploymentPostprocessing = 0;
		};
/* End PBXHeadersBuildPhase section */

/* Begin PBXNativeTarget section */
		AB27A2D91D8298E4003D14B7 /* HaidoraStatusProviderDemo */ = {
			isa = PBXNativeTarget;
			buildConfigurationList = AB27A2EC1D8298E4003D14B7 /* Build configuration list for PBXNativeTarget "HaidoraStatusProviderDemo" */;
			buildPhases = (
				AB27A2D61D8298E4003D14B7 /* Sources */,
				AB27A2D71D8298E4003D14B7 /* Frameworks */,
				AB27A2D81D8298E4003D14B7 /* Resources */,
				AB27A3031D8299C8003D14B7 /* Embed Frameworks */,
			);
			buildRules = (
			);
			dependencies = (
				AB27A2FD1D8299C8003D14B7 /* PBXTargetDependency */,
			);
			name = HaidoraStatusProviderDemo;
			productName = HaidoraStatusProviderDemo;
			productReference = AB27A2DA1D8298E4003D14B7 /* HaidoraStatusProviderDemo.app */;
			productType = "com.apple.product-type.application";
		};
		AB27A2F61D8299C8003D14B7 /* HaidoraStatusProvider */ = {
			isa = PBXNativeTarget;
			buildConfigurationList = AB27A3001D8299C8003D14B7 /* Build configuration list for PBXNativeTarget "HaidoraStatusProvider" */;
			buildPhases = (
				AB27A2F21D8299C8003D14B7 /* Sources */,
				AB27A2F31D8299C8003D14B7 /* Frameworks */,
				AB27A2F41D8299C8003D14B7 /* Headers */,
				AB27A2F51D8299C8003D14B7 /* Resources */,
			);
			buildRules = (
			);
			dependencies = (
			);
			name = HaidoraStatusProvider;
			productName = HaidoraStatusProvider;
			productReference = AB27A2F71D8299C8003D14B7 /* HaidoraStatusProvider.framework */;
			productType = "com.apple.product-type.framework";
		};
/* End PBXNativeTarget section */

/* Begin PBXProject section */
		AB27A2D21D8298E4003D14B7 /* Project object */ = {
			isa = PBXProject;
			attributes = {
				LastSwiftUpdateCheck = 0730;
				LastUpgradeCheck = 0730;
				ORGANIZATIONNAME = Haidora;
				TargetAttributes = {
					AB27A2D91D8298E4003D14B7 = {
						CreatedOnToolsVersion = 7.3.1;
					};
					AB27A2F61D8299C8003D14B7 = {
						CreatedOnToolsVersion = 7.3.1;
					};
				};
			};
			buildConfigurationList = AB27A2D51D8298E4003D14B7 /* Build configuration list for PBXProject "HaidoraStatusProviderDemo" */;
			compatibilityVersion = "Xcode 3.2";
			developmentRegion = English;
			hasScannedForEncodings = 0;
			knownRegions = (
				en,
				Base,
			);
			mainGroup = AB27A2D11D8298E4003D14B7;
			productRefGroup = AB27A2DB1D8298E4003D14B7 /* Products */;
			projectDirPath = "";
			projectRoot = "";
			targets = (
				AB27A2D91D8298E4003D14B7 /* HaidoraStatusProviderDemo */,
				AB27A2F61D8299C8003D14B7 /* HaidoraStatusProvider */,
			);
		};
/* End PBXProject section */

/* Begin PBXResourcesBuildPhase section */
		AB27A2D81D8298E4003D14B7 /* Resources */ = {
			isa = PBXResourcesBuildPhase;
			buildActionMask = 2147483647;
			files = (
				AB27A3081D82A2A4003D14B7 /* HaidoraStatusProvider.podspec in Resources */,
				AB27A2E81D8298E4003D14B7 /* LaunchScreen.storyboard in Resources */,
				AB27A2E51D8298E4003D14B7 /* Assets.xcassets in Resources */,
				AB27A2E31D8298E4003D14B7 /* Main.storyboard in Resources */,
				AB27A3091D82A2A4003D14B7 /* LICENSE in Resources */,
			);
			runOnlyForDeploymentPostprocessing = 0;
		};
		AB27A2F51D8299C8003D14B7 /* Resources */ = {
			isa = PBXResourcesBuildPhase;
			buildActionMask = 2147483647;
			files = (
			);
			runOnlyForDeploymentPostprocessing = 0;
		};
/* End PBXResourcesBuildPhase section */

/* Begin PBXSourcesBuildPhase section */
		AB27A2D61D8298E4003D14B7 /* Sources */ = {
			isa = PBXSourcesBuildPhase;
			buildActionMask = 2147483647;
			files = (
				AB27A30B1D82A375003D14B7 /* README.md in Sources */,
				AB27A2E01D8298E4003D14B7 /* ViewController.swift in Sources */,
				AB27A2DE1D8298E4003D14B7 /* AppDelegate.swift in Sources */,
			);
			runOnlyForDeploymentPostprocessing = 0;
		};
		AB27A2F21D8299C8003D14B7 /* Sources */ = {
			isa = PBXSourcesBuildPhase;
			buildActionMask = 2147483647;
			files = (
				AB27A3041D8299E7003D14B7 /* HaidoraStatusProvider.swift in Sources */,
			);
			runOnlyForDeploymentPostprocessing = 0;
		};
/* End PBXSourcesBuildPhase section */

/* Begin PBXTargetDependency section */
		AB27A2FD1D8299C8003D14B7 /* PBXTargetDependency */ = {
			isa = PBXTargetDependency;
			target = AB27A2F61D8299C8003D14B7 /* HaidoraStatusProvider */;
			targetProxy = AB27A2FC1D8299C8003D14B7 /* PBXContainerItemProxy */;
		};
/* End PBXTargetDependency section */

/* Begin PBXVariantGroup section */
		AB27A2E11D8298E4003D14B7 /* Main.storyboard */ = {
			isa = PBXVariantGroup;
			children = (
				AB27A2E21D8298E4003D14B7 /* Base */,
			);
			name = Main.storyboard;
			sourceTree = "<group>";
		};
		AB27A2E61D8298E4003D14B7 /* LaunchScreen.storyboard */ = {
			isa = PBXVariantGroup;
			children = (
				AB27A2E71D8298E4003D14B7 /* Base */,
			);
			name = LaunchScreen.storyboard;
			sourceTree = "<group>";
		};
/* End PBXVariantGroup section */

/* Begin XCBuildConfiguration section */
		AB27A2EA1D8298E4003D14B7 /* Debug */ = {
			isa = XCBuildConfiguration;
			buildSettings = {
				ALWAYS_SEARCH_USER_PATHS = NO;
				CLANG_ANALYZER_NONNULL = YES;
				CLANG_CXX_LANGUAGE_STANDARD = "gnu++0x";
				CLANG_CXX_LIBRARY = "libc++";
				CLANG_ENABLE_MODULES = YES;
				CLANG_ENABLE_OBJC_ARC = YES;
				CLANG_WARN_BOOL_CONVERSION = YES;
				CLANG_WARN_CONSTANT_CONVERSION = YES;
				CLANG_WARN_DIRECT_OBJC_ISA_USAGE = YES_ERROR;
				CLANG_WARN_EMPTY_BODY = YES;
				CLANG_WARN_ENUM_CONVERSION = YES;
				CLANG_WARN_INT_CONVERSION = YES;
				CLANG_WARN_OBJC_ROOT_CLASS = YES_ERROR;
				CLANG_WARN_UNREACHABLE_CODE = YES;
				CLANG_WARN__DUPLICATE_METHOD_MATCH = YES;
				"CODE_SIGN_IDENTITY[sdk=iphoneos*]" = "iPhone Developer";
				COPY_PHASE_STRIP = NO;
				DEBUG_INFORMATION_FORMAT = dwarf;
				ENABLE_STRICT_OBJC_MSGSEND = YES;
				ENABLE_TESTABILITY = YES;
				GCC_C_LANGUAGE_STANDARD = gnu99;
				GCC_DYNAMIC_NO_PIC = NO;
				GCC_NO_COMMON_BLOCKS = YES;
				GCC_OPTIMIZATION_LEVEL = 0;
				GCC_PREPROCESSOR_DEFINITIONS = (
					"DEBUG=1",
					"$(inherited)",
				);
				GCC_WARN_64_TO_32_BIT_CONVERSION = YES;
				GCC_WARN_ABOUT_RETURN_TYPE = YES_ERROR;
				GCC_WARN_UNDECLARED_SELECTOR = YES;
				GCC_WARN_UNINITIALIZED_AUTOS = YES_AGGRESSIVE;
				GCC_WARN_UNUSED_FUNCTION = YES;
				GCC_WARN_UNUSED_VARIABLE = YES;
				IPHONEOS_DEPLOYMENT_TARGET = 9.3;
				MTL_ENABLE_DEBUG_INFO = YES;
				ONLY_ACTIVE_ARCH = YES;
				SDKROOT = iphoneos;
				SWIFT_OPTIMIZATION_LEVEL = "-Onone";
				TARGETED_DEVICE_FAMILY = "1,2";
			};
			name = Debug;
		};
		AB27A2EB1D8298E4003D14B7 /* Release */ = {
			isa = XCBuildConfiguration;
			buildSettings = {
				ALWAYS_SEARCH_USER_PATHS = NO;
				CLANG_ANALYZER_NONNULL = YES;
				CLANG_CXX_LANGUAGE_STANDARD = "gnu++0x";
				CLANG_CXX_LIBRARY = "libc++";
				CLANG_ENABLE_MODULES = YES;
				CLANG_ENABLE_OBJC_ARC = YES;
				CLANG_WARN_BOOL_CONVERSION = YES;
				CLANG_WARN_CONSTANT_CONVERSION = YES;
				CLANG_WARN_DIRECT_OBJC_ISA_USAGE = YES_ERROR;
				CLANG_WARN_EMPTY_BODY = YES;
				CLANG_WARN_ENUM_CONVERSION = YES;
				CLANG_WARN_INT_CONVERSION = YES;
				CLANG_WARN_OBJC_ROOT_CLASS = YES_ERROR;
				CLANG_WARN_UNREACHABLE_CODE = YES;
				CLANG_WARN__DUPLICATE_METHOD_MATCH = YES;
				"CODE_SIGN_IDENTITY[sdk=iphoneos*]" = "iPhone Developer";
				COPY_PHASE_STRIP = NO;
				DEBUG_INFORMATION_FORMAT = "dwarf-with-dsym";
				ENABLE_NS_ASSERTIONS = NO;
				ENABLE_STRICT_OBJC_MSGSEND = YES;
				GCC_C_LANGUAGE_STANDARD = gnu99;
				GCC_NO_COMMON_BLOCKS = YES;
				GCC_WARN_64_TO_32_BIT_CONVERSION = YES;
				GCC_WARN_ABOUT_RETURN_TYPE = YES_ERROR;
				GCC_WARN_UNDECLARED_SELECTOR = YES;
				GCC_WARN_UNINITIALIZED_AUTOS = YES_AGGRESSIVE;
				GCC_WARN_UNUSED_FUNCTION = YES;
				GCC_WARN_UNUSED_VARIABLE = YES;
				IPHONEOS_DEPLOYMENT_TARGET = 9.3;
				MTL_ENABLE_DEBUG_INFO = NO;
				SDKROOT = iphoneos;
				TARGETED_DEVICE_FAMILY = "1,2";
				VALIDATE_PRODUCT = YES;
			};
			name = Release;
		};
		AB27A2ED1D8298E4003D14B7 /* Debug */ = {
			isa = XCBuildConfiguration;
			buildSettings = {
				ASSETCATALOG_COMPILER_APPICON_NAME = AppIcon;
				EMBEDDED_CONTENT_CONTAINS_SWIFT = YES;
				INFOPLIST_FILE = HaidoraStatusProviderDemo/Info.plist;
				LD_RUNPATH_SEARCH_PATHS = "$(inherited) @executable_path/Frameworks";
				PRODUCT_BUNDLE_IDENTIFIER = org.hadiora.HaidoraStatusProviderDemo;
				PRODUCT_NAME = "$(TARGET_NAME)";
			};
			name = Debug;
		};
		AB27A2EE1D8298E4003D14B7 /* Release */ = {
			isa = XCBuildConfiguration;
			buildSettings = {
				ASSETCATALOG_COMPILER_APPICON_NAME = AppIcon;
				EMBEDDED_CONTENT_CONTAINS_SWIFT = YES;
				INFOPLIST_FILE = HaidoraStatusProviderDemo/Info.plist;
				LD_RUNPATH_SEARCH_PATHS = "$(inherited) @executable_path/Frameworks";
				PRODUCT_BUNDLE_IDENTIFIER = org.hadiora.HaidoraStatusProviderDemo;
				PRODUCT_NAME = "$(TARGET_NAME)";
			};
			name = Release;
		};
		AB27A3011D8299C8003D14B7 /* Debug */ = {
			isa = XCBuildConfiguration;
			buildSettings = {
				CURRENT_PROJECT_VERSION = 1;
				DEFINES_MODULE = YES;
				DYLIB_COMPATIBILITY_VERSION = 1;
				DYLIB_CURRENT_VERSION = 1;
				DYLIB_INSTALL_NAME_BASE = "@rpath";
				INFOPLIST_FILE = HaidoraStatusProvider/Info.plist;
				INSTALL_PATH = "$(LOCAL_LIBRARY_DIR)/Frameworks";
				IPHONEOS_DEPLOYMENT_TARGET = 8.0;
				LD_RUNPATH_SEARCH_PATHS = "$(inherited) @executable_path/Frameworks @loader_path/Frameworks";
				PRODUCT_BUNDLE_IDENTIFIER = org.hadiora.HaidoraStatusProvider;
				PRODUCT_NAME = "$(TARGET_NAME)";
				SKIP_INSTALL = YES;
				VERSIONING_SYSTEM = "apple-generic";
				VERSION_INFO_PREFIX = "";
			};
			name = Debug;
		};
		AB27A3021D8299C8003D14B7 /* Release */ = {
			isa = XCBuildConfiguration;
			buildSettings = {
				CURRENT_PROJECT_VERSION = 1;
				DEFINES_MODULE = YES;
				DYLIB_COMPATIBILITY_VERSION = 1;
				DYLIB_CURRENT_VERSION = 1;
				DYLIB_INSTALL_NAME_BASE = "@rpath";
				INFOPLIST_FILE = HaidoraStatusProvider/Info.plist;
				INSTALL_PATH = "$(LOCAL_LIBRARY_DIR)/Frameworks";
				IPHONEOS_DEPLOYMENT_TARGET = 8.0;
				LD_RUNPATH_SEARCH_PATHS = "$(inherited) @executable_path/Frameworks @loader_path/Frameworks";
				PRODUCT_BUNDLE_IDENTIFIER = org.hadiora.HaidoraStatusProvider;
				PRODUCT_NAME = "$(TARGET_NAME)";
				SKIP_INSTALL = YES;
				VERSIONING_SYSTEM = "apple-generic";
				VERSION_INFO_PREFIX = "";
			};
			name = Release;
		};
/* End XCBuildConfiguration section */

/* Begin XCConfigurationList section */
		AB27A2D51D8298E4003D14B7 /* Build configuration list for PBXProject "HaidoraStatusProviderDemo" */ = {
			isa = XCConfigurationList;
			buildConfigurations = (
				AB27A2EA1D8298E4003D14B7 /* Debug */,
				AB27A2EB1D8298E4003D14B7 /* Release */,
			);
			defaultConfigurationIsVisible = 0;
			defaultConfigurationName = Release;
		};
		AB27A2EC1D8298E4003D14B7 /* Build configuration list for PBXNativeTarget "HaidoraStatusProviderDemo" */ = {
			isa = XCConfigurationList;
			buildConfigurations = (
				AB27A2ED1D8298E4003D14B7 /* Debug */,
				AB27A2EE1D8298E4003D14B7 /* Release */,
			);
			defaultConfigurationIsVisible = 0;
			defaultConfigurationName = Release;
		};
		AB27A3001D8299C8003D14B7 /* Build configuration list for PBXNativeTarget "HaidoraStatusProvider" */ = {
			isa = XCConfigurationList;
			buildConfigurations = (
				AB27A3011D8299C8003D14B7 /* Debug */,
				AB27A3021D8299C8003D14B7 /* Release */,
			);
			defaultConfigurationIsVisible = 0;
		};
/* End XCConfigurationList section */
	};
	rootObject = AB27A2D21D8298E4003D14B7 /* Project object */;
}
